Microsoft Visual Studio Solution File, Format Version 12.00
# Visual Studio Version 17
VisualStudioVersion = 17.5.2.0
MinimumVisualStudioVersion = 10.0.40219.1
Project("{FAE04EC0-301F-11D3-BF4B-00C04F79EFBC}") = "AdsFinder", "AdsFinder.csproj", "{69FDF6B4-A6E8-4610-E337-8DB96E61CF41}"
EndProject
Global
	GlobalSection(SolutionConfigurationPlatforms) = preSolution
		Debug|Any CPU = Debug|Any CPU
		Release|Any CPU = Release|Any CPU
	EndGlobalSection
	GlobalSection(ProjectConfigurationPlatforms) = postSolution
		{69FDF6B4-A6E8-4610-E337-8DB96E61CF41}.Debug|Any CPU.ActiveCfg = Debug|Any CPU
		{69FDF6B4-A6E8-4610-E337-8DB96E61CF41}.Debug|Any CPU.Build.0 = Debug|Any CPU
		{69FDF6B4-A6E8-4610-E337-8DB96E61CF41}.Release|Any CPU.ActiveCfg = Release|Any CPU
		{69FDF6B4-A6E8-4610-E337-8DB96E61CF41}.Release|Any CPU.Build.0 = Release|Any CPU
	EndGlobalSection
	GlobalSection(SolutionProperties) = preSolution
		HideSolutionNode = FALSE
	EndGlobalSection
	GlobalSection(ExtensibilityGlobals) = postSolution
		SolutionGuid = {4BFF1E12-0396-4FCA-BDF0-67248B9E53B1}
	EndGlobalSection
EndGlobal
